
Microsoft Visual Studio Solution File, Format Version 12.00
Project("{2150E333-8FDC-42A3-9474-1A3956D46DE8}") = "Domain", "Domain", "{65A2B146-6CBB-4600-B9CD-69555AB9DD90}"
EndProject
Project("{2150E333-8FDC-42A3-9474-1A3956D46DE8}") = "Infra.Bus", "Infra.Bus", "{85C6DDB3-6114-4B39-A211-E36F1328EBD9}"
EndProject
Project("{2150E333-8FDC-42A3-9474-1A3956D46DE8}") = "Infra.IoC", "Infra.IoC", "{110A9F42-C9C9-4EC9-AF26-A50729ACA627}"
EndProject
Project("{2150E333-8FDC-42A3-9474-1A3956D46DE8}") = "Presentation", "Presentation", "{6F8A5ACE-C609-4122-BCEC-183D295BD909}"
EndProject
Project("{2150E333-8FDC-42A3-9474-1A3956D46DE8}") = "Microservices", "Microservices", "{DB11B1AD-A9DA-4FF4-A9EB-B8B595FFD92A}"
EndProject
Project("{FAE04EC0-301F-11D3-BF4B-00C04F79EFBC}") = "MicroRabbit.Domain.Core", "src\MicroRabbit.Domain.Core\MicroRabbit.Domain.Core.csproj", "{3C65B28D-C2EB-4979-BDA9-F2F84268EFFD}"
EndProject
Project("{FAE04EC0-301F-11D3-BF4B-00C04F79EFBC}") = "MicroRabbit.Infra.Bus", "src\MicroRabbit.Infra.Bus\MicroRabbit.Infra.Bus.csproj", "{C482262E-64B7-4EC4-B9F7-9EC0F0E8579C}"
EndProject
Project("{2150E333-8FDC-42A3-9474-1A3956D46DE8}") = "Banking", "Banking", "{4714AA03-0659-4EB1-92DF-10F978BD7017}"
EndProject
Project("{2150E333-8FDC-42A3-9474-1A3956D46DE8}") = "Api", "Api", "{D4C89519-761B-4607-ADC9-DA3F0C9DCB78}"
EndProject
Project("{2150E333-8FDC-42A3-9474-1A3956D46DE8}") = "Domain", "Domain", "{E4A80E97-7E67-4E6D-A3DB-5813D1048710}"
EndProject
Project("{2150E333-8FDC-42A3-9474-1A3956D46DE8}") = "Application", "Application", "{328F861B-9D4D-45E9-9F3A-8ECDD26BA42A}"
EndProject
Project("{2150E333-8FDC-42A3-9474-1A3956D46DE8}") = "Data", "Data", "{8DB890C9-4E4A-4744-A0A7-43AE7A267CEE}"
EndProject
Project("{FAE04EC0-301F-11D3-BF4B-00C04F79EFBC}") = "MicroRabbit.Banking.Api", "src\MicroRabbit.Banking.Api\MicroRabbit.Banking.Api.csproj", "{E81B2E67-3689-4BFD-91BB-5ECEF710A7FF}"
EndProject
Project("{FAE04EC0-301F-11D3-BF4B-00C04F79EFBC}") = "MicroRabbit.Banking.Appication", "src\MicroRabbit.Banking.Appication\MicroRabbit.Banking.Appication.csproj", "{0C471C7D-6199-4194-A4B8-856EF705682A}"
EndProject
Project("{FAE04EC0-301F-11D3-BF4B-00C04F79EFBC}") = "MicroRabbit.Banking.Data", "src\MicroRabbit.Banking.Data\MicroRabbit.Banking.Data.csproj", "{7077B400-B72E-42CD-8D6F-4E9FD218E941}"
EndProject
Project("{FAE04EC0-301F-11D3-BF4B-00C04F79EFBC}") = "MicroRabbit.Banking.Domain", "src\MicroRabbit.Banking.Domain\MicroRabbit.Banking.Domain.csproj", "{B36C1797-5119-4F66-AD9E-C73AF5E41003}"
EndProject
Project("{FAE04EC0-301F-11D3-BF4B-00C04F79EFBC}") = "MicroRabbit.Infra.IoC", "src\MicroRabbit.Infra.IoC\MicroRabbit.Infra.IoC.csproj", "{9A1629FE-9EFA-4344-8B5F-314414C7A1C5}"
EndProject
Global
	GlobalSection(SolutionConfigurationPlatforms) = preSolution
		Debug|Any CPU = Debug|Any CPU
		Release|Any CPU = Release|Any CPU
	EndGlobalSection
	GlobalSection(NestedProjects) = preSolution
		{3C65B28D-C2EB-4979-BDA9-F2F84268EFFD} = {65A2B146-6CBB-4600-B9CD-69555AB9DD90}
		{C482262E-64B7-4EC4-B9F7-9EC0F0E8579C} = {85C6DDB3-6114-4B39-A211-E36F1328EBD9}
		{4714AA03-0659-4EB1-92DF-10F978BD7017} = {DB11B1AD-A9DA-4FF4-A9EB-B8B595FFD92A}
		{D4C89519-761B-4607-ADC9-DA3F0C9DCB78} = {4714AA03-0659-4EB1-92DF-10F978BD7017}
		{E4A80E97-7E67-4E6D-A3DB-5813D1048710} = {4714AA03-0659-4EB1-92DF-10F978BD7017}
		{328F861B-9D4D-45E9-9F3A-8ECDD26BA42A} = {4714AA03-0659-4EB1-92DF-10F978BD7017}
		{8DB890C9-4E4A-4744-A0A7-43AE7A267CEE} = {4714AA03-0659-4EB1-92DF-10F978BD7017}
		{E81B2E67-3689-4BFD-91BB-5ECEF710A7FF} = {D4C89519-761B-4607-ADC9-DA3F0C9DCB78}
		{0C471C7D-6199-4194-A4B8-856EF705682A} = {328F861B-9D4D-45E9-9F3A-8ECDD26BA42A}
		{7077B400-B72E-42CD-8D6F-4E9FD218E941} = {8DB890C9-4E4A-4744-A0A7-43AE7A267CEE}
		{B36C1797-5119-4F66-AD9E-C73AF5E41003} = {E4A80E97-7E67-4E6D-A3DB-5813D1048710}
		{9A1629FE-9EFA-4344-8B5F-314414C7A1C5} = {110A9F42-C9C9-4EC9-AF26-A50729ACA627}
	EndGlobalSection
	GlobalSection(ProjectConfigurationPlatforms) = postSolution
		{3C65B28D-C2EB-4979-BDA9-F2F84268EFFD}.Debug|Any CPU.ActiveCfg = Debug|Any CPU
		{3C65B28D-C2EB-4979-BDA9-F2F84268EFFD}.Debug|Any CPU.Build.0 = Debug|Any CPU
		{3C65B28D-C2EB-4979-BDA9-F2F84268EFFD}.Release|Any CPU.ActiveCfg = Release|Any CPU
		{3C65B28D-C2EB-4979-BDA9-F2F84268EFFD}.Release|Any CPU.Build.0 = Release|Any CPU
		{C482262E-64B7-4EC4-B9F7-9EC0F0E8579C}.Debug|Any CPU.ActiveCfg = Debug|Any CPU
		{C482262E-64B7-4EC4-B9F7-9EC0F0E8579C}.Debug|Any CPU.Build.0 = Debug|Any CPU
		{C482262E-64B7-4EC4-B9F7-9EC0F0E8579C}.Release|Any CPU.ActiveCfg = Release|Any CPU
		{C482262E-64B7-4EC4-B9F7-9EC0F0E8579C}.Release|Any CPU.Build.0 = Release|Any CPU
		{E81B2E67-3689-4BFD-91BB-5ECEF710A7FF}.Debug|Any CPU.ActiveCfg = Debug|Any CPU
		{E81B2E67-3689-4BFD-91BB-5ECEF710A7FF}.Debug|Any CPU.Build.0 = Debug|Any CPU
		{E81B2E67-3689-4BFD-91BB-5ECEF710A7FF}.Release|Any CPU.ActiveCfg = Release|Any CPU
		{E81B2E67-3689-4BFD-91BB-5ECEF710A7FF}.Release|Any CPU.Build.0 = Release|Any CPU
		{0C471C7D-6199-4194-A4B8-856EF705682A}.Debug|Any CPU.ActiveCfg = Debug|Any CPU
		{0C471C7D-6199-4194-A4B8-856EF705682A}.Debug|Any CPU.Build.0 = Debug|Any CPU
		{0C471C7D-6199-4194-A4B8-856EF705682A}.Release|Any CPU.ActiveCfg = Release|Any CPU
		{0C471C7D-6199-4194-A4B8-856EF705682A}.Release|Any CPU.Build.0 = Release|Any CPU
		{7077B400-B72E-42CD-8D6F-4E9FD218E941}.Debug|Any CPU.ActiveCfg = Debug|Any CPU
		{7077B400-B72E-42CD-8D6F-4E9FD218E941}.Debug|Any CPU.Build.0 = Debug|Any CPU
		{7077B400-B72E-42CD-8D6F-4E9FD218E941}.Release|Any CPU.ActiveCfg = Release|Any CPU
		{7077B400-B72E-42CD-8D6F-4E9FD218E941}.Release|Any CPU.Build.0 = Release|Any CPU
		{B36C1797-5119-4F66-AD9E-C73AF5E41003}.Debug|Any CPU.ActiveCfg = Debug|Any CPU
		{B36C1797-5119-4F66-AD9E-C73AF5E41003}.Debug|Any CPU.Build.0 = Debug|Any CPU
		{B36C1797-5119-4F66-AD9E-C73AF5E41003}.Release|Any CPU.ActiveCfg = Release|Any CPU
		{B36C1797-5119-4F66-AD9E-C73AF5E41003}.Release|Any CPU.Build.0 = Release|Any CPU
		{9A1629FE-9EFA-4344-8B5F-314414C7A1C5}.Debug|Any CPU.ActiveCfg = Debug|Any CPU
		{9A1629FE-9EFA-4344-8B5F-314414C7A1C5}.Debug|Any CPU.Build.0 = Debug|Any CPU
		{9A1629FE-9EFA-4344-8B5F-314414C7A1C5}.Release|Any CPU.ActiveCfg = Release|Any CPU
		{9A1629FE-9EFA-4344-8B5F-314414C7A1C5}.Release|Any CPU.Build.0 = Release|Any CPU
	EndGlobalSection
EndGlobal
